
Microsoft Visual Studio Solution File, Format Version 12.00
# Visual Studio 15
VisualStudioVersion = 15.0.27130.2010
MinimumVisualStudioVersion = 10.0.40219.1
Project("{8BC9CEB8-8B4A-11D0-8D11-00A0C91BC942}") = "UselessTools", "UselessTools\UselessTools.vcxproj", "{F80CE469-860F-4F7C-9BAD-D04D8EA876F1}"
EndProject
Global
	GlobalSection(SolutionConfigurationPlatforms) = preSolution
		Debug|x64 = Debug|x64
		Debug|x86 = Debug|x86
		Release|x64 = Release|x64
		Release|x86 = Release|x86
	EndGlobalSection
	GlobalSection(ProjectConfigurationPlatforms) = postSolution
		{F80CE469-860F-4F7C-9BAD-D04D8EA876F1}.Debug|x64.ActiveCfg = Debug|x64
		{F80CE469-860F-4F7C-9BAD-D04D8EA876F1}.Debug|x64.Build.0 = Debug|x64
		{F80CE469-860F-4F7C-9BAD-D04D8EA876F1}.Debug|x86.ActiveCfg = Debug|Win32
		{F80CE469-860F-4F7C-9BAD-D04D8EA876F1}.Debug|x86.Build.0 = Debug|Win32
		{F80CE469-860F-4F7C-9BAD-D04D8EA876F1}.Release|x64.ActiveCfg = Release|x64
		{F80CE469-860F-4F7C-9BAD-D04D8EA876F1}.Release|x64.Build.0 = Release|x64
		{F80CE469-860F-4F7C-9BAD-D04D8EA876F1}.Release|x86.ActiveCfg = Release|Win32
		{F80CE469-860F-4F7C-9BAD-D04D8EA876F1}.Release|x86.Build.0 = Release|Win32
	EndGlobalSection
	GlobalSection(SolutionProperties) = preSolution
		HideSolutionNode = FALSE
	EndGlobalSection
	GlobalSection(ExtensibilityGlobals) = postSolution
		SolutionGuid = {CE64E609-1E75-4FF6-9804-FE582FE7447C}
	EndGlobalSection
EndGlobal
